
Microsoft Visual Studio Solution File, Format Version 12.00
# Visual Studio Version 17
VisualStudioVersion = 17.0.32126.317
MinimumVisualStudioVersion = 10.0.40219.1
Project("{FAE04EC0-301F-11D3-BF4B-00C04F79EFBC}") = "gRPC.GrpcService", "src\gRPC.GrpcService\gRPC.GrpcService.csproj", "{615229B2-5303-4584-81E4-A6B600C9A08C}"
EndProject
Project("{FAE04EC0-301F-11D3-BF4B-00C04F79EFBC}") = "gRPC.ClientConsole", "src\gRPC.ClientConsole\gRPC.ClientConsole.csproj", "{DD285235-E631-4F29-97DE-5E7DFF629A22}"
EndProject
Global
	GlobalSection(SolutionConfigurationPlatforms) = preSolution
		Debug|Any CPU = Debug|Any CPU
		Release|Any CPU = Release|Any CPU
	EndGlobalSection
	GlobalSection(ProjectConfigurationPlatforms) = postSolution
		{615229B2-5303-4584-81E4-A6B600C9A08C}.Debug|Any CPU.ActiveCfg = Debug|Any CPU
		{615229B2-5303-4584-81E4-A6B600C9A08C}.Debug|Any CPU.Build.0 = Debug|Any CPU
		{615229B2-5303-4584-81E4-A6B600C9A08C}.Release|Any CPU.ActiveCfg = Release|Any CPU
		{615229B2-5303-4584-81E4-A6B600C9A08C}.Release|Any CPU.Build.0 = Release|Any CPU
		{DD285235-E631-4F29-97DE-5E7DFF629A22}.Debug|Any CPU.ActiveCfg = Debug|Any CPU
		{DD285235-E631-4F29-97DE-5E7DFF629A22}.Debug|Any CPU.Build.0 = Debug|Any CPU
		{DD285235-E631-4F29-97DE-5E7DFF629A22}.Release|Any CPU.ActiveCfg = Release|Any CPU
		{DD285235-E631-4F29-97DE-5E7DFF629A22}.Release|Any CPU.Build.0 = Release|Any CPU
	EndGlobalSection
	GlobalSection(SolutionProperties) = preSolution
		HideSolutionNode = FALSE
	EndGlobalSection
	GlobalSection(ExtensibilityGlobals) = postSolution
		SolutionGuid = {78F96691-634E-407B-8643-D6606F459313}
	EndGlobalSection
EndGlobal
